
Microsoft Visual Studio Solution File, Format Version 12.00
# Visual Studio Version 17
VisualStudioVersion = 17.5.002.0
MinimumVisualStudioVersion = 10.0.40219.1
Project("{2150E333-8FDC-42A3-9474-1A3956D46DE8}") = "csharp-prep", "csharp-prep", "{5093F778-1EAE-4562-99CD-294314F57DE7}"
EndProject
Project("{9A19103F-16F7-4668-BE54-9A1E7A4F7556}") = "Prep1", "csharp-prep\Prep1\Prep1.csproj", "{1739E723-F2B6-40EA-B416-70B9B97E6C1A}"
EndProject
Project("{9A19103F-16F7-4668-BE54-9A1E7A4F7556}") = "Prep2", "csharp-prep\Prep2\Prep2.csproj", "{746092EE-11A9-4ACC-829B-E2868D0A1181}"
EndProject
Project("{9A19103F-16F7-4668-BE54-9A1E7A4F7556}") = "Prep3", "csharp-prep\Prep3\Prep3.csproj", "{47C2504A-7AC8-4C62-B2AB-4470CF99572A}"
EndProject
Project("{9A19103F-16F7-4668-BE54-9A1E7A4F7556}") = "Prep4", "csharp-prep\Prep4\Prep4.csproj", "{23302B9A-17CA-4BA7-BD42-04DCFE5A1938}"
EndProject
Project("{9A19103F-16F7-4668-BE54-9A1E7A4F7556}") = "Prep5", "csharp-prep\Prep5\Prep5.csproj", "{B687F653-6CD8-4CF8-A7DD-91189A949FE8}"
EndProject
Project("{2150E333-8FDC-42A3-9474-1A3956D46DE8}") = "final", "final", "{7777990C-50E8-44D6-A5E3-B51601D8C748}"
EndProject
Project("{9A19103F-16F7-4668-BE54-9A1E7A4F7556}") = "FinalProject", "final\FinalProject\FinalProject.csproj", "{4BCC518F-EBE9-4A50-91AD-065BF91BEF3E}"
EndProject
Project("{9A19103F-16F7-4668-BE54-9A1E7A4F7556}") = "Foundation1", "final\Foundation1\Foundation1.csproj", "{96EE4C5A-B870-4D79-A7F2-9A2C20890D89}"
EndProject
Project("{9A19103F-16F7-4668-BE54-9A1E7A4F7556}") = "Foundation2", "final\Foundation2\Foundation2.csproj", "{F428AEB4-1E67-4718-83B7-D05610FDB042}"
EndProject
Project("{9A19103F-16F7-4668-BE54-9A1E7A4F7556}") = "Foundation3", "final\Foundation3\Foundation3.csproj", "{C05086A3-1584-4BA8-BABD-250AC7995F0D}"
EndProject
Project("{9A19103F-16F7-4668-BE54-9A1E7A4F7556}") = "Foundation4", "final\Foundation4\Foundation4.csproj", "{13063DB5-12B9-4812-AE9A-7F839A89EAEC}"
EndProject
Project("{2150E333-8FDC-42A3-9474-1A3956D46DE8}") = "prepare", "prepare", "{26AEB532-AA30-4267-B85F-2939E9E5C25E}"
EndProject
Project("{9A19103F-16F7-4668-BE54-9A1E7A4F7556}") = "Learning02", "prepare\Learning02\Learning02.csproj", "{9D036D2A-5CAE-4227-B2B6-4D90ACB2CB75}"
EndProject
Project("{9A19103F-16F7-4668-BE54-9A1E7A4F7556}") = "Learning03", "prepare\Learning03\Learning03.csproj", "{F8B515F9-D90B-40AD-BAD3-5C981BE96C81}"
EndProject
Project("{9A19103F-16F7-4668-BE54-9A1E7A4F7556}") = "Learning04", "prepare\Learning04\Learning04.csproj", "{224D9B8A-FBE1-463A-A2CC-1EEA23760796}"
EndProject
Project("{9A19103F-16F7-4668-BE54-9A1E7A4F7556}") = "Learning05", "prepare\Learning05\Learning05.csproj", "{1BC77955-C83B-46FB-B3F3-B3A343B29829}"
EndProject
Project("{2150E333-8FDC-42A3-9474-1A3956D46DE8}") = "prove", "prove", "{4BA508B4-6088-4EBB-9B8E-AB893D888F5E}"
EndProject
Project("{9A19103F-16F7-4668-BE54-9A1E7A4F7556}") = "Develop02", "prove\Develop02\Develop02.csproj", "{6FACD961-AF8D-44EB-9BDD-CA99E6AAD7EF}"
EndProject
Project("{9A19103F-16F7-4668-BE54-9A1E7A4F7556}") = "Develop03", "prove\Develop03\Develop03.csproj", "{26AE1432-D406-4D5B-8E98-F54917DB2FFD}"
EndProject
Project("{9A19103F-16F7-4668-BE54-9A1E7A4F7556}") = "Develop04", "prove\Develop04\Develop04.csproj", "{FD5A7220-95FB-4C67-939C-A2C55ECE84CA}"
EndProject
Project("{9A19103F-16F7-4668-BE54-9A1E7A4F7556}") = "Develop05", "prove\Develop05\Develop05.csproj", "{38F05386-E062-43EE-BC74-756B156FC424}"
EndProject
Project("{2150E333-8FDC-42A3-9474-1A3956D46DE8}") = "sandbox", "sandbox", "{1F6AF189-1E79-450E-999D-3C876C38A077}"
EndProject
Project("{9A19103F-16F7-4668-BE54-9A1E7A4F7556}") = "Sandbox", "sandbox\Sandbox\Sandbox.csproj", "{7BCE5D48-4497-4F2D-9DAD-D47EA18FADD2}"
EndProject
Global
	GlobalSection(SolutionConfigurationPlatforms) = preSolution
		Debug|Any CPU = Debug|Any CPU
		Release|Any CPU = Release|Any CPU
	EndGlobalSection
	GlobalSection(ProjectConfigurationPlatforms) = postSolution
		{1739E723-F2B6-40EA-B416-70B9B97E6C1A}.Debug|Any CPU.ActiveCfg = Debug|Any CPU
		{1739E723-F2B6-40EA-B416-70B9B97E6C1A}.Debug|Any CPU.Build.0 = Debug|Any CPU
		{1739E723-F2B6-40EA-B416-70B9B97E6C1A}.Release|Any CPU.ActiveCfg = Release|Any CPU
		{1739E723-F2B6-40EA-B416-70B9B97E6C1A}.Release|Any CPU.Build.0 = Release|Any CPU
		{746092EE-11A9-4ACC-829B-E2868D0A1181}.Debug|Any CPU.ActiveCfg = Debug|Any CPU
		{746092EE-11A9-4ACC-829B-E2868D0A1181}.Debug|Any CPU.Build.0 = Debug|Any CPU
		{746092EE-11A9-4ACC-829B-E2868D0A1181}.Release|Any CPU.ActiveCfg = Release|Any CPU
		{746092EE-11A9-4ACC-829B-E2868D0A1181}.Release|Any CPU.Build.0 = Release|Any CPU
		{47C2504A-7AC8-4C62-B2AB-4470CF99572A}.Debug|Any CPU.ActiveCfg = Debug|Any CPU
		{47C2504A-7AC8-4C62-B2AB-4470CF99572A}.Debug|Any CPU.Build.0 = Debug|Any CPU
		{47C2504A-7AC8-4C62-B2AB-4470CF99572A}.Release|Any CPU.ActiveCfg = Release|Any CPU
		{47C2504A-7AC8-4C62-B2AB-4470CF99572A}.Release|Any CPU.Build.0 = Release|Any CPU
		{23302B9A-17CA-4BA7-BD42-04DCFE5A1938}.Debug|Any CPU.ActiveCfg = Debug|Any CPU
		{23302B9A-17CA-4BA7-BD42-04DCFE5A1938}.Debug|Any CPU.Build.0 = Debug|Any CPU
		{23302B9A-17CA-4BA7-BD42-04DCFE5A1938}.Release|Any CPU.ActiveCfg = Release|Any CPU
		{23302B9A-17CA-4BA7-BD42-04DCFE5A1938}.Release|Any CPU.Build.0 = Release|Any CPU
		{B687F653-6CD8-4CF8-A7DD-91189A949FE8}.Debug|Any CPU.ActiveCfg = Debug|Any CPU
		{B687F653-6CD8-4CF8-A7DD-91189A949FE8}.Debug|Any CPU.Build.0 = Debug|Any CPU
		{B687F653-6CD8-4CF8-A7DD-91189A949FE8}.Release|Any CPU.ActiveCfg = Release|Any CPU
		{B687F653-6CD8-4CF8-A7DD-91189A949FE8}.Release|Any CPU.Build.0 = Release|Any CPU
		{4BCC518F-EBE9-4A50-91AD-065BF91BEF3E}.Debug|Any CPU.ActiveCfg = Debug|Any CPU
		{4BCC518F-EBE9-4A50-91AD-065BF91BEF3E}.Debug|Any CPU.Build.0 = Debug|Any CPU
		{4BCC518F-EBE9-4A50-91AD-065BF91BEF3E}.Release|Any CPU.ActiveCfg = Release|Any CPU
		{4BCC518F-EBE9-4A50-91AD-065BF91BEF3E}.Release|Any CPU.Build.0 = Release|Any CPU
		{96EE4C5A-B870-4D79-A7F2-9A2C20890D89}.Debug|Any CPU.ActiveCfg = Debug|Any CPU
		{96EE4C5A-B870-4D79-A7F2-9A2C20890D89}.Debug|Any CPU.Build.0 = Debug|Any CPU
		{96EE4C5A-B870-4D79-A7F2-9A2C20890D89}.Release|Any CPU.ActiveCfg = Release|Any CPU
		{96EE4C5A-B870-4D79-A7F2-9A2C20890D89}.Release|Any CPU.Build.0 = Release|Any CPU
		{F428AEB4-1E67-4718-83B7-D05610FDB042}.Debug|Any CPU.ActiveCfg = Debug|Any CPU
		{F428AEB4-1E67-4718-83B7-D05610FDB042}.Debug|Any CPU.Build.0 = Debug|Any CPU
		{F428AEB4-1E67-4718-83B7-D05610FDB042}.Release|Any CPU.ActiveCfg = Release|Any CPU
		{F428AEB4-1E67-4718-83B7-D05610FDB042}.Release|Any CPU.Build.0 = Release|Any CPU
		{C05086A3-1584-4BA8-BABD-250AC7995F0D}.Debug|Any CPU.ActiveCfg = Debug|Any CPU
		{C05086A3-1584-4BA8-BABD-250AC7995F0D}.Debug|Any CPU.Build.0 = Debug|Any CPU
		{C05086A3-1584-4BA8-BABD-250AC7995F0D}.Release|Any CPU.ActiveCfg = Release|Any CPU
		{C05086A3-1584-4BA8-BABD-250AC7995F0D}.Release|Any CPU.Build.0 = Release|Any CPU
		{13063DB5-12B9-4812-AE9A-7F839A89EAEC}.Debug|Any CPU.ActiveCfg = Debug|Any CPU
		{13063DB5-12B9-4812-AE9A-7F839A89EAEC}.Debug|Any CPU.Build.0 = Debug|Any CPU
		{13063DB5-12B9-4812-AE9A-7F839A89EAEC}.Release|Any CPU.ActiveCfg = Release|Any CPU
		{13063DB5-12B9-4812-AE9A-7F839A89EAEC}.Release|Any CPU.Build.0 = Release|Any CPU
		{9D036D2A-5CAE-4227-B2B6-4D90ACB2CB75}.Debug|Any CPU.ActiveCfg = Debug|Any CPU
		{9D036D2A-5CAE-4227-B2B6-4D90ACB2CB75}.Debug|Any CPU.Build.0 = Debug|Any CPU
		{9D036D2A-5CAE-4227-B2B6-4D90ACB2CB75}.Release|Any CPU.ActiveCfg = Release|Any CPU
		{9D036D2A-5CAE-4227-B2B6-4D90ACB2CB75}.Release|Any CPU.Build.0 = Release|Any CPU
		{F8B515F9-D90B-40AD-BAD3-5C981BE96C81}.Debug|Any CPU.ActiveCfg = Debug|Any CPU
		{F8B515F9-D90B-40AD-BAD3-5C981BE96C81}.Debug|Any CPU.Build.0 = Debug|Any CPU
		{F8B515F9-D90B-40AD-BAD3-5C981BE96C81}.Release|Any CPU.ActiveCfg = Release|Any CPU
		{F8B515F9-D90B-40AD-BAD3-5C981BE96C81}.Release|Any CPU.Build.0 = Release|Any CPU
		{224D9B8A-FBE1-463A-A2CC-1EEA23760796}.Debug|Any CPU.ActiveCfg = Debug|Any CPU
		{224D9B8A-FBE1-463A-A2CC-1EEA23760796}.Debug|Any CPU.Build.0 = Debug|Any CPU
		{224D9B8A-FBE1-463A-A2CC-1EEA23760796}.Release|Any CPU.ActiveCfg = Release|Any CPU
		{224D9B8A-FBE1-463A-A2CC-1EEA23760796}.Release|Any CPU.Build.0 = Release|Any CPU
		{1BC77955-C83B-46FB-B3F3-B3A343B29829}.Debug|Any CPU.ActiveCfg = Debug|Any CPU
		{1BC77955-C83B-46FB-B3F3-B3A343B29829}.Debug|Any CPU.Build.0 = Debug|Any CPU
		{1BC77955-C83B-46FB-B3F3-B3A343B29829}.Release|Any CPU.ActiveCfg = Release|Any CPU
		{1BC77955-C83B-46FB-B3F3-B3A343B29829}.Release|Any CPU.Build.0 = Release|Any CPU
		{6FACD961-AF8D-44EB-9BDD-CA99E6AAD7EF}.Debug|Any CPU.ActiveCfg = Debug|Any CPU
		{6FACD961-AF8D-44EB-9BDD-CA99E6AAD7EF}.Debug|Any CPU.Build.0 = Debug|Any CPU
		{6FACD961-AF8D-44EB-9BDD-CA99E6AAD7EF}.Release|Any CPU.ActiveCfg = Release|Any CPU
		{6FACD961-AF8D-44EB-9BDD-CA99E6AAD7EF}.Release|Any CPU.Build.0 = Release|Any CPU
		{26AE1432-D406-4D5B-8E98-F54917DB2FFD}.Debug|Any CPU.ActiveCfg = Debug|Any CPU
		{26AE1432-D406-4D5B-8E98-F54917DB2FFD}.Debug|Any CPU.Build.0 = Debug|Any CPU
		{26AE1432-D406-4D5B-8E98-F54917DB2FFD}.Release|Any CPU.ActiveCfg = Release|Any CPU
		{26AE1432-D406-4D5B-8E98-F54917DB2FFD}.Release|Any CPU.Build.0 = Release|Any CPU
		{FD5A7220-95FB-4C67-939C-A2C55ECE84CA}.Debug|Any CPU.ActiveCfg = Debug|Any CPU
		{FD5A7220-95FB-4C67-939C-A2C55ECE84CA}.Debug|Any CPU.Build.0 = Debug|Any CPU
		{FD5A7220-95FB-4C67-939C-A2C55ECE84CA}.Release|Any CPU.ActiveCfg = Release|Any CPU
		{FD5A7220-95FB-4C67-939C-A2C55ECE84CA}.Release|Any CPU.Build.0 = Release|Any CPU
		{38F05386-E062-43EE-BC74-756B156FC424}.Debug|Any CPU.ActiveCfg = Debug|Any CPU
		{38F05386-E062-43EE-BC74-756B156FC424}.Debug|Any CPU.Build.0 = Debug|Any CPU
		{38F05386-E062-43EE-BC74-756B156FC424}.Release|Any CPU.ActiveCfg = Release|Any CPU
		{38F05386-E062-43EE-BC74-756B156FC424}.Release|Any CPU.Build.0 = Release|Any CPU
		{7BCE5D48-4497-4F2D-9DAD-D47EA18FADD2}.Debug|Any CPU.ActiveCfg = Debug|Any CPU
		{7BCE5D48-4497-4F2D-9DAD-D47EA18FADD2}.Debug|Any CPU.Build.0 = Debug|Any CPU
		{7BCE5D48-4497-4F2D-9DAD-D47EA18FADD2}.Release|Any CPU.ActiveCfg = Release|Any CPU
		{7BCE5D48-4497-4F2D-9DAD-D47EA18FADD2}.Release|Any CPU.Build.0 = Release|Any CPU
	EndGlobalSection
	GlobalSection(SolutionProperties) = preSolution
		HideSolutionNode = FALSE
	EndGlobalSection
	GlobalSection(NestedProjects) = preSolution
		{1739E723-F2B6-40EA-B416-70B9B97E6C1A} = {5093F778-1EAE-4562-99CD-294314F57DE7}
		{746092EE-11A9-4ACC-829B-E2868D0A1181} = {5093F778-1EAE-4562-99CD-294314F57DE7}
		{47C2504A-7AC8-4C62-B2AB-4470CF99572A} = {5093F778-1EAE-4562-99CD-294314F57DE7}
		{23302B9A-17CA-4BA7-BD42-04DCFE5A1938} = {5093F778-1EAE-4562-99CD-294314F57DE7}
		{B687F653-6CD8-4CF8-A7DD-91189A949FE8} = {5093F778-1EAE-4562-99CD-294314F57DE7}
		{4BCC518F-EBE9-4A50-91AD-065BF91BEF3E} = {7777990C-50E8-44D6-A5E3-B51601D8C748}
		{96EE4C5A-B870-4D79-A7F2-9A2C20890D89} = {7777990C-50E8-44D6-A5E3-B51601D8C748}
		{F428AEB4-1E67-4718-83B7-D05610FDB042} = {7777990C-50E8-44D6-A5E3-B51601D8C748}
		{C05086A3-1584-4BA8-BABD-250AC7995F0D} = {7777990C-50E8-44D6-A5E3-B51601D8C748}
		{13063DB5-12B9-4812-AE9A-7F839A89EAEC} = {7777990C-50E8-44D6-A5E3-B51601D8C748}
		{9D036D2A-5CAE-4227-B2B6-4D90ACB2CB75} = {26AEB532-AA30-4267-B85F-2939E9E5C25E}
		{F8B515F9-D90B-40AD-BAD3-5C981BE96C81} = {26AEB532-AA30-4267-B85F-2939E9E5C25E}
		{224D9B8A-FBE1-463A-A2CC-1EEA23760796} = {26AEB532-AA30-4267-B85F-2939E9E5C25E}
		{1BC77955-C83B-46FB-B3F3-B3A343B29829} = {26AEB532-AA30-4267-B85F-2939E9E5C25E}
		{6FACD961-AF8D-44EB-9BDD-CA99E6AAD7EF} = {4BA508B4-6088-4EBB-9B8E-AB893D888F5E}
		{26AE1432-D406-4D5B-8E98-F54917DB2FFD} = {4BA508B4-6088-4EBB-9B8E-AB893D888F5E}
		{FD5A7220-95FB-4C67-939C-A2C55ECE84CA} = {4BA508B4-6088-4EBB-9B8E-AB893D888F5E}
		{38F05386-E062-43EE-BC74-756B156FC424} = {4BA508B4-6088-4EBB-9B8E-AB893D888F5E}
		{7BCE5D48-4497-4F2D-9DAD-D47EA18FADD2} = {1F6AF189-1E79-450E-999D-3C876C38A077}
	EndGlobalSection
	GlobalSection(ExtensibilityGlobals) = postSolution
		SolutionGuid = {B52D1960-5F5C-41F8-BD8F-4320BAD20A2A}
	EndGlobalSection
EndGlobal
